{
  "name": "senseino",
  "version": "1.0.0",
  "lockfileVersion": 1,
  "dependencies": {
    "@uirouter/angularjs": {
      "version": "1.0.6",
      "resolved": "https://registry.npmjs.org/@uirouter/angularjs/-/angularjs-1.0.6.tgz",
      "integrity": "sha512-wpC7t+wv5wM+jRr2nd80q4CxXl/igMKHkgYO2DHTC/ZSW+dBWkKEn2+H6AGMBrpKiEOfkjCokA43fqog10tQkQ==",
      "dependencies": {
        "@uirouter/core": {
          "version": "5.0.6",
          "resolved": "https://registry.npmjs.org/@uirouter/core/-/core-5.0.6.tgz",
          "integrity": "sha512-JnnXn3mhSdUa4YwUJ0ZKpPZ6b4l1TBRKKqGAFN/xnbjj0upaYErP56n5Rc6XV+arQmjKEg8Y/Mn0yW3TefYYCw=="
        }
      }
    },
    "angucomplete-alt": {
      "version": "3.0.0",
      "resolved": "https://registry.npmjs.org/angucomplete-alt/-/angucomplete-alt-3.0.0.tgz",
      "integrity": "sha1-fFm+xOm3+VY6DcYVPIM4bkrCUd8="
    },
    "angular": {
      "version": "1.6.6",
      "resolved": "https://registry.npmjs.org/angular/-/angular-1.6.6.tgz",
      "integrity": "sha1-/Vo8+0N844LYVO4BEgeXl4Uny2Q="
    },
    "angular-animate": {
      "version": "1.6.6",
      "resolved": "https://registry.npmjs.org/angular-animate/-/angular-animate-1.6.6.tgz",
      "integrity": "sha1-aSVkexQaBA0kG/ElBA8aFQ/NinA="
    },
    "angular-aria": {
      "version": "1.6.6",
      "resolved": "https://registry.npmjs.org/angular-aria/-/angular-aria-1.6.6.tgz",
      "integrity": "sha1-WN10jglWS8hAn3Ob3lezX77ltqU="
    },
    "angular-bootstrap": {
      "version": "0.12.2",
      "resolved": "https://registry.npmjs.org/angular-bootstrap/-/angular-bootstrap-0.12.2.tgz",
      "integrity": "sha1-3pkAp9sIen6dpHMEqcL3f5wGmCc="
    },
    "angular-cookies": {
      "version": "1.6.6",
      "resolved": "https://registry.npmjs.org/angular-cookies/-/angular-cookies-1.6.6.tgz",
      "integrity": "sha1-MRZC2v28T/fNaSILiSW4g1n7oUg="
    },
    "angular-jk-carousel": {
      "version": "0.5.0",
      "resolved": "https://registry.npmjs.org/angular-jk-carousel/-/angular-jk-carousel-0.5.0.tgz",
      "integrity": "sha1-T2YqTwJ4DQ+02Tdz8KZEwsN8W50="
    },
    "angular-material": {
      "version": "1.1.5",
      "resolved": "https://registry.npmjs.org/angular-material/-/angular-material-1.1.5.tgz",
      "integrity": "sha1-pUUM2CBeFadpHtw4lHYJTPhtWSs="
    },
    "angular-route": {
      "version": "1.6.6",
      "resolved": "https://registry.npmjs.org/angular-route/-/angular-route-1.6.6.tgz",
      "integrity": "sha1-jBF0iqGVxxexthWn50ZEK/x8YfQ="
    },
    "angular-ui-bootstrap": {
      "version": "2.5.0",
      "resolved": "https://registry.npmjs.org/angular-ui-bootstrap/-/angular-ui-bootstrap-2.5.0.tgz",
      "integrity": "sha1-L6zvuRU4ZlXcX0QVAlgDJRcjbQE="
    },
    "bootstrap": {
      "version": "3.3.7",
      "resolved": "https://registry.npmjs.org/bootstrap/-/bootstrap-3.3.7.tgz",
      "integrity": "sha1-WjiTlFSfIzMIdaOxUGVldPip63E="
    },
    "jquery": {
      "version": "3.2.1",
      "resolved": "https://registry.npmjs.org/jquery/-/jquery-3.2.1.tgz",
      "integrity": "sha1-XE2d5lKvbNCncBVKYxu6ErAVx4c="
    }
  }
}
